
Microsoft Visual Studio Solution File, Format Version 12.00
Project("{FAE04EC0-301F-11D3-BF4B-00C04F79EFBC}") = "HSMonitor", "HSMonitor\HSMonitor.csproj", "{1A8EF62E-60F7-43F6-8C84-B55F4632F2E3}"
EndProject
Global
	GlobalSection(SolutionConfigurationPlatforms) = preSolution
		Debug|Any CPU = Debug|Any CPU
		Release|Any CPU = Release|Any CPU
	EndGlobalSection
	GlobalSection(ProjectConfigurationPlatforms) = postSolution
		{1A8EF62E-60F7-43F6-8C84-B55F4632F2E3}.Debug|Any CPU.ActiveCfg = Debug|Any CPU
		{1A8EF62E-60F7-43F6-8C84-B55F4632F2E3}.Debug|Any CPU.Build.0 = Debug|Any CPU
		{1A8EF62E-60F7-43F6-8C84-B55F4632F2E3}.Release|Any CPU.ActiveCfg = Release|Any CPU
		{1A8EF62E-60F7-43F6-8C84-B55F4632F2E3}.Release|Any CPU.Build.0 = Release|Any CPU
	EndGlobalSection
EndGlobal
